
Microsoft Visual Studio Solution File, Format Version 11.00
# Visual Studio 2010
Project("{FAE04EC0-301F-11D3-BF4B-00C04F79EFBC}") = "SignalRSandbox", "SignalRSandbox\SignalRSandbox.csproj", "{C06D551C-8B16-4153-8DCA-E5C24F8C975F}"
EndProject
Project("{FAE04EC0-301F-11D3-BF4B-00C04F79EFBC}") = "SignalLines", "SignalLines\SignalLines.csproj", "{0360FFA0-2850-4E94-AFD7-1E8DDA5465EC}"
EndProject
Project("{FAE04EC0-301F-11D3-BF4B-00C04F79EFBC}") = "SignalLines.Common", "SignalLines.Common\SignalLines.Common.csproj", "{2EED0985-818E-47E5-BEF1-84554436D01B}"
EndProject
Global
	GlobalSection(SolutionConfigurationPlatforms) = preSolution
		Debug|Any CPU = Debug|Any CPU
		Debug|Mixed Platforms = Debug|Mixed Platforms
		Debug|x86 = Debug|x86
		Release|Any CPU = Release|Any CPU
		Release|Mixed Platforms = Release|Mixed Platforms
		Release|x86 = Release|x86
	EndGlobalSection
	GlobalSection(ProjectConfigurationPlatforms) = postSolution
		{C06D551C-8B16-4153-8DCA-E5C24F8C975F}.Debug|Any CPU.ActiveCfg = Debug|Any CPU
		{C06D551C-8B16-4153-8DCA-E5C24F8C975F}.Debug|Any CPU.Build.0 = Debug|Any CPU
		{C06D551C-8B16-4153-8DCA-E5C24F8C975F}.Debug|Mixed Platforms.ActiveCfg = Debug|Any CPU
		{C06D551C-8B16-4153-8DCA-E5C24F8C975F}.Debug|Mixed Platforms.Build.0 = Debug|Any CPU
		{C06D551C-8B16-4153-8DCA-E5C24F8C975F}.Debug|x86.ActiveCfg = Debug|Any CPU
		{C06D551C-8B16-4153-8DCA-E5C24F8C975F}.Release|Any CPU.ActiveCfg = Release|Any CPU
		{C06D551C-8B16-4153-8DCA-E5C24F8C975F}.Release|Any CPU.Build.0 = Release|Any CPU
		{C06D551C-8B16-4153-8DCA-E5C24F8C975F}.Release|Mixed Platforms.ActiveCfg = Release|Any CPU
		{C06D551C-8B16-4153-8DCA-E5C24F8C975F}.Release|Mixed Platforms.Build.0 = Release|Any CPU
		{C06D551C-8B16-4153-8DCA-E5C24F8C975F}.Release|x86.ActiveCfg = Release|Any CPU
		{0360FFA0-2850-4E94-AFD7-1E8DDA5465EC}.Debug|Any CPU.ActiveCfg = Debug|x86
		{0360FFA0-2850-4E94-AFD7-1E8DDA5465EC}.Debug|Mixed Platforms.ActiveCfg = Debug|x86
		{0360FFA0-2850-4E94-AFD7-1E8DDA5465EC}.Debug|Mixed Platforms.Build.0 = Debug|x86
		{0360FFA0-2850-4E94-AFD7-1E8DDA5465EC}.Debug|x86.ActiveCfg = Debug|x86
		{0360FFA0-2850-4E94-AFD7-1E8DDA5465EC}.Debug|x86.Build.0 = Debug|x86
		{0360FFA0-2850-4E94-AFD7-1E8DDA5465EC}.Release|Any CPU.ActiveCfg = Release|x86
		{0360FFA0-2850-4E94-AFD7-1E8DDA5465EC}.Release|Mixed Platforms.ActiveCfg = Release|x86
		{0360FFA0-2850-4E94-AFD7-1E8DDA5465EC}.Release|Mixed Platforms.Build.0 = Release|x86
		{0360FFA0-2850-4E94-AFD7-1E8DDA5465EC}.Release|x86.ActiveCfg = Release|x86
		{0360FFA0-2850-4E94-AFD7-1E8DDA5465EC}.Release|x86.Build.0 = Release|x86
		{2EED0985-818E-47E5-BEF1-84554436D01B}.Debug|Any CPU.ActiveCfg = Debug|Any CPU
		{2EED0985-818E-47E5-BEF1-84554436D01B}.Debug|Any CPU.Build.0 = Debug|Any CPU
		{2EED0985-818E-47E5-BEF1-84554436D01B}.Debug|Mixed Platforms.ActiveCfg = Debug|Any CPU
		{2EED0985-818E-47E5-BEF1-84554436D01B}.Debug|Mixed Platforms.Build.0 = Debug|Any CPU
		{2EED0985-818E-47E5-BEF1-84554436D01B}.Debug|x86.ActiveCfg = Debug|Any CPU
		{2EED0985-818E-47E5-BEF1-84554436D01B}.Release|Any CPU.ActiveCfg = Release|Any CPU
		{2EED0985-818E-47E5-BEF1-84554436D01B}.Release|Any CPU.Build.0 = Release|Any CPU
		{2EED0985-818E-47E5-BEF1-84554436D01B}.Release|Mixed Platforms.ActiveCfg = Release|Any CPU
		{2EED0985-818E-47E5-BEF1-84554436D01B}.Release|Mixed Platforms.Build.0 = Release|Any CPU
		{2EED0985-818E-47E5-BEF1-84554436D01B}.Release|x86.ActiveCfg = Release|Any CPU
	EndGlobalSection
	GlobalSection(SolutionProperties) = preSolution
		HideSolutionNode = FALSE
	EndGlobalSection
EndGlobal
